
Microsoft Visual Studio Solution File, Format Version 12.00
# Visual Studio 15
VisualStudioVersion = 15.0.28307.1622
MinimumVisualStudioVersion = 10.0.40219.1
Project("{FAE04EC0-301F-11D3-BF4B-00C04F79EFBC}") = "ANC_2_1210823_FrontStudy", "ANC_2_1210823_FrontStudy\ANC_2_1210823_FrontStudy.csproj", "{E4790336-B5B7-481B-BF98-F1DD12B70D64}"
EndProject
Global
	GlobalSection(SolutionConfigurationPlatforms) = preSolution
		Debug|Any CPU = Debug|Any CPU
		Release|Any CPU = Release|Any CPU
	EndGlobalSection
	GlobalSection(ProjectConfigurationPlatforms) = postSolution
		{E4790336-B5B7-481B-BF98-F1DD12B70D64}.Debug|Any CPU.ActiveCfg = Debug|Any CPU
		{E4790336-B5B7-481B-BF98-F1DD12B70D64}.Debug|Any CPU.Build.0 = Debug|Any CPU
		{E4790336-B5B7-481B-BF98-F1DD12B70D64}.Release|Any CPU.ActiveCfg = Release|Any CPU
		{E4790336-B5B7-481B-BF98-F1DD12B70D64}.Release|Any CPU.Build.0 = Release|Any CPU
	EndGlobalSection
	GlobalSection(SolutionProperties) = preSolution
		HideSolutionNode = FALSE
	EndGlobalSection
	GlobalSection(ExtensibilityGlobals) = postSolution
		SolutionGuid = {300E58F5-9806-453A-9D0A-E2D568BAB43D}
	EndGlobalSection
EndGlobal
